
Microsoft Visual Studio Solution File, Format Version 12.00
# Visual Studio Version 17
VisualStudioVersion = 17.9.34728.123
MinimumVisualStudioVersion = 10.0.40219.1
Project("{FAE04EC0-301F-11D3-BF4B-00C04F79EFBC}") = "EmployeeManagement", "EmployeeManagement\EmployeeManagement.csproj", "{013E3B8E-25C0-4F2E-A3F7-52611C6AFEEA}"
EndProject
Global
	GlobalSection(SolutionConfigurationPlatforms) = preSolution
		Debug|Any CPU = Debug|Any CPU
		Release|Any CPU = Release|Any CPU
	EndGlobalSection
	GlobalSection(ProjectConfigurationPlatforms) = postSolution
		{013E3B8E-25C0-4F2E-A3F7-52611C6AFEEA}.Debug|Any CPU.ActiveCfg = Debug|Any CPU
		{013E3B8E-25C0-4F2E-A3F7-52611C6AFEEA}.Debug|Any CPU.Build.0 = Debug|Any CPU
		{013E3B8E-25C0-4F2E-A3F7-52611C6AFEEA}.Release|Any CPU.ActiveCfg = Release|Any CPU
		{013E3B8E-25C0-4F2E-A3F7-52611C6AFEEA}.Release|Any CPU.Build.0 = Release|Any CPU
	EndGlobalSection
	GlobalSection(SolutionProperties) = preSolution
		HideSolutionNode = FALSE
	EndGlobalSection
	GlobalSection(ExtensibilityGlobals) = postSolution
		SolutionGuid = {7CE1EB4D-0532-474C-BBEC-A6F81EF6DE3B}
	EndGlobalSection
EndGlobal
